
Microsoft Visual Studio Solution File, Format Version 12.00
# Visual Studio Version 16
VisualStudioVersion = 16.0.29905.134
MinimumVisualStudioVersion = 10.0.40219.1
Project("{FAE04EC0-301F-11D3-BF4B-00C04F79EFBC}") = "TP1", "TP1\TP1.csproj", "{D047621E-56A8-497D-99BC-80581486DA4F}"
EndProject
Global
	GlobalSection(SolutionConfigurationPlatforms) = preSolution
		Debug|Any CPU = Debug|Any CPU
		Release|Any CPU = Release|Any CPU
	EndGlobalSection
	GlobalSection(ProjectConfigurationPlatforms) = postSolution
		{D047621E-56A8-497D-99BC-80581486DA4F}.Debug|Any CPU.ActiveCfg = Debug|Any CPU
		{D047621E-56A8-497D-99BC-80581486DA4F}.Debug|Any CPU.Build.0 = Debug|Any CPU
		{D047621E-56A8-497D-99BC-80581486DA4F}.Release|Any CPU.ActiveCfg = Release|Any CPU
		{D047621E-56A8-497D-99BC-80581486DA4F}.Release|Any CPU.Build.0 = Release|Any CPU
	EndGlobalSection
	GlobalSection(SolutionProperties) = preSolution
		HideSolutionNode = FALSE
	EndGlobalSection
	GlobalSection(ExtensibilityGlobals) = postSolution
		SolutionGuid = {4A7E9AAA-2DE4-4BE9-93DC-025A55356458}
	EndGlobalSection
EndGlobal
